
Microsoft Visual Studio Solution File, Format Version 12.00
# Visual Studio 15
VisualStudioVersion = 15.0.28307.421
MinimumVisualStudioVersion = 10.0.40219.1
Project("{FAE04EC0-301F-11D3-BF4B-00C04F79EFBC}") = "ImageProcessingPointer", "ImageProcessingPointer\ImageProcessingPointer.csproj", "{F049AE92-7257-4D13-B428-F770BF6D5635}"
EndProject
Global
	GlobalSection(SolutionConfigurationPlatforms) = preSolution
		Debug|Any CPU = Debug|Any CPU
		Release|Any CPU = Release|Any CPU
	EndGlobalSection
	GlobalSection(ProjectConfigurationPlatforms) = postSolution
		{F049AE92-7257-4D13-B428-F770BF6D5635}.Debug|Any CPU.ActiveCfg = Debug|Any CPU
		{F049AE92-7257-4D13-B428-F770BF6D5635}.Debug|Any CPU.Build.0 = Debug|Any CPU
		{F049AE92-7257-4D13-B428-F770BF6D5635}.Release|Any CPU.ActiveCfg = Release|Any CPU
		{F049AE92-7257-4D13-B428-F770BF6D5635}.Release|Any CPU.Build.0 = Release|Any CPU
	EndGlobalSection
	GlobalSection(SolutionProperties) = preSolution
		HideSolutionNode = FALSE
	EndGlobalSection
	GlobalSection(ExtensibilityGlobals) = postSolution
		SolutionGuid = {CB245A14-DFAF-4F84-A2C2-AB8A1B10ED4A}
	EndGlobalSection
EndGlobal
